
Microsoft Visual Studio Solution File, Format Version 12.00
# Visual Studio Version 17
VisualStudioVersion = 17.6.33723.286
MinimumVisualStudioVersion = 10.0.40219.1
Project("{2150E333-8FDC-42A3-9474-1A3956D46DE8}") = "2-Gateway", "2-Gateway", "{0D230055-0DE1-4265-B997-FD3F5ECBDB80}"
EndProject
Project("{2150E333-8FDC-42A3-9474-1A3956D46DE8}") = "3-Cliente", "3-Cliente", "{E70C78F6-0371-4EF8-8E12-CA72E0C50083}"
EndProject
Project("{2150E333-8FDC-42A3-9474-1A3956D46DE8}") = "4-Fornecedor", "4-Fornecedor", "{8BBD64F6-4075-4558-A0DD-DA124924F939}"
EndProject
Project("{2150E333-8FDC-42A3-9474-1A3956D46DE8}") = "5-Produto", "5-Produto", "{256C408E-EACD-4635-920B-24AF98A4A719}"
EndProject
Project("{2150E333-8FDC-42A3-9474-1A3956D46DE8}") = "6-ContasPagar", "6-ContasPagar", "{A708113E-5731-4170-BF49-99FF3FF55D31}"
EndProject
Project("{2150E333-8FDC-42A3-9474-1A3956D46DE8}") = "7-ContasReceber", "7-ContasReceber", "{021D8528-B3F5-41EB-8347-04263AAD9EB8}"
EndProject
Project("{2150E333-8FDC-42A3-9474-1A3956D46DE8}") = "8-LancamentoVendas", "8-LancamentoVendas", "{968D15AC-3D6F-4389-9B8B-3445A39A83A3}"
EndProject
Project("{9A19103F-16F7-4668-BE54-9A1E7A4F7556}") = "SGL.Fornecedor.Apresentation.Api", "src\Fornecedor\Apresentation\SGL.Fornecedor.Apresentation.Api\SGL.Fornecedor.Apresentation.Api.csproj", "{65174DD6-BB3C-4DAD-9CC0-09A68F457904}"
EndProject
Project("{9A19103F-16F7-4668-BE54-9A1E7A4F7556}") = "SGL.Fornecedor.Core.Application", "src\Fornecedor\Core\SGL.Fornecedor.Core.Application\SGL.Fornecedor.Core.Application.csproj", "{4B452688-2F7D-4C75-8A90-686016960C34}"
EndProject
Project("{9A19103F-16F7-4668-BE54-9A1E7A4F7556}") = "SGL.Fornecedor.Core.Domain", "src\Fornecedor\Core\SGL.Fornecedor.Core.Domain\SGL.Fornecedor.Core.Domain.csproj", "{3E0EB480-B3CC-4722-9E86-AB822B5153FF}"
EndProject
Project("{9A19103F-16F7-4668-BE54-9A1E7A4F7556}") = "SGL.Fornecedor.Infrastructure", "src\Fornecedor\Infrastructure\SGL.Fornecedor.Infrastructure\SGL.Fornecedor.Infrastructure.csproj", "{CFB01DDA-29CE-4AA6-9421-5C14E81AA3B4}"
EndProject
Project("{9A19103F-16F7-4668-BE54-9A1E7A4F7556}") = "SGL.Cliente.Apresentation.Api", "src\Cliente\Apresentation\SGL.Cliente.Apresentation.Api\SGL.Cliente.Apresentation.Api.csproj", "{3F7DD55B-5494-47B6-AC87-0CD0C32D6B80}"
EndProject
Project("{9A19103F-16F7-4668-BE54-9A1E7A4F7556}") = "SGL.Cliente.Core.Application", "src\Cliente\Core\SGL.Cliente.Core.Application\SGL.Cliente.Core.Application.csproj", "{72E36C1E-1F66-4518-A1AA-AFFEE73C61DD}"
EndProject
Project("{9A19103F-16F7-4668-BE54-9A1E7A4F7556}") = "SGL.Cliente.Core.Domain", "src\Cliente\Core\SGL.Cliente.Core.Domain\SGL.Cliente.Core.Domain.csproj", "{D657CBD8-ABD5-4DEB-A824-AE683E3783BE}"
EndProject
Project("{9A19103F-16F7-4668-BE54-9A1E7A4F7556}") = "SGL.Cliente.Infrastructure", "src\Cliente\Infrastructure\SGL.Cliente.Infrastructure\SGL.Cliente.Infrastructure.csproj", "{D6653C90-3A32-40F2-B429-6C4AADC3848C}"
EndProject
Project("{9A19103F-16F7-4668-BE54-9A1E7A4F7556}") = "SGL.Produto.Apresentation.Api", "src\Produto\Apresentation\SGL.Produto.Apresentation.Api\SGL.Produto.Apresentation.Api.csproj", "{91013BCE-FE80-4995-B703-F9CAE059D4A2}"
EndProject
Project("{9A19103F-16F7-4668-BE54-9A1E7A4F7556}") = "SGL.Produto.Core.Application", "src\Produto\Core\SGL.Produto.Core.Application\SGL.Produto.Core.Application.csproj", "{9B77142C-4665-4A78-8669-9BAC3CF74DCD}"
EndProject
Project("{9A19103F-16F7-4668-BE54-9A1E7A4F7556}") = "SGL.Produto.Core.Domain", "src\Produto\Core\SGL.Produto.Core.Domain\SGL.Produto.Core.Domain.csproj", "{A386F12B-57CC-44E3-9A7D-CFB91ADC98ED}"
EndProject
Project("{9A19103F-16F7-4668-BE54-9A1E7A4F7556}") = "SGL.Produto.Infrastructure", "src\Produto\Infrastructure\SGL.Produto.Infrastructure\SGL.Produto.Infrastructure.csproj", "{B7A60B90-B018-42C7-BAA5-4B09229C2081}"
EndProject
Project("{9A19103F-16F7-4668-BE54-9A1E7A4F7556}") = "SGL.ContasPagar.Apresentation.Api", "src\ContasPagar\Apresentation\SGL.ContasPagar.Apresentation.Api\SGL.ContasPagar.Apresentation.Api.csproj", "{498AB1C8-DC89-44CA-BABF-CCB1E4EC1761}"
EndProject
Project("{9A19103F-16F7-4668-BE54-9A1E7A4F7556}") = "SGL.ContasPagar.Core.Application", "src\ContasPagar\Core\SGL.ContasPagar.Core.Application\SGL.ContasPagar.Core.Application.csproj", "{D0923EB1-C321-4579-AE58-D639E74E72B3}"
EndProject
Project("{9A19103F-16F7-4668-BE54-9A1E7A4F7556}") = "SGL.ContasPagar.Core.Domain", "src\ContasPagar\Core\SGL.ContasPagar.Core.Domain\SGL.ContasPagar.Core.Domain.csproj", "{58873EC0-A981-4E0B-8BC1-09DEAB51A322}"
EndProject
Project("{9A19103F-16F7-4668-BE54-9A1E7A4F7556}") = "SGL.ContasPagar.Infrastructure", "src\ContasPagar\Infrastructure\SGL.ContasPagar.Infrastructure\SGL.ContasPagar.Infrastructure.csproj", "{C51755DE-1E74-48D6-A6BA-8E232927CBA4}"
EndProject
Project("{9A19103F-16F7-4668-BE54-9A1E7A4F7556}") = "SGL.ContasReceber.Apresentation.Api", "src\ContasReceber\Apresentation\SGL.ContasReceber.Apresentation.Api\SGL.ContasReceber.Apresentation.Api.csproj", "{B9F73870-A6B1-4757-93E8-EF8814D50CCD}"
EndProject
Project("{9A19103F-16F7-4668-BE54-9A1E7A4F7556}") = "SGL.ContasReceber.Core.Application", "src\ContasReceber\Core\SGL.ContasReceber.Core.Application\SGL.ContasReceber.Core.Application.csproj", "{CB898237-B6DE-447E-B4D2-5ADFF637A851}"
EndProject
Project("{9A19103F-16F7-4668-BE54-9A1E7A4F7556}") = "SGL.ContasReceber.Core.Domain", "src\ContasReceber\Core\SGL.ContasReceber.Core.Domain\SGL.ContasReceber.Core.Domain.csproj", "{CD9FAAC4-7C42-4504-BFAA-AF5D4CDCEB86}"
EndProject
Project("{9A19103F-16F7-4668-BE54-9A1E7A4F7556}") = "SGL.ContasReceber.Infrastructure", "src\ContasReceber\Infrastructure\SGL.ContasReceber.Infrastructure\SGL.ContasReceber.Infrastructure.csproj", "{570AD34E-0D94-4266-91E0-04E16D05DF0D}"
EndProject
Project("{9A19103F-16F7-4668-BE54-9A1E7A4F7556}") = "SGL.LancamentoVendas.Apresentation.Api", "src\LancamentoVendas\Apresentation\SGL.LancamentoVendas.Apresentation.Api\SGL.LancamentoVendas.Apresentation.Api.csproj", "{89F8DAF8-1F58-49E5-98AF-CF57BDFFAC38}"
EndProject
Project("{9A19103F-16F7-4668-BE54-9A1E7A4F7556}") = "SGL.LancamentoVendas.Core.Application", "src\LancamentoVendas\Core\SGL.LancamentoVendas.Core.Application\SGL.LancamentoVendas.Core.Application.csproj", "{CEC4393A-449E-4B73-B6EF-85FD69334000}"
EndProject
Project("{9A19103F-16F7-4668-BE54-9A1E7A4F7556}") = "SGL.LancamentoVendas.Core.Domain", "src\LancamentoVendas\Core\SGL.LancamentoVendas.Core.Domain\SGL.LancamentoVendas.Core.Domain.csproj", "{7C4EAEAA-15ED-4CF7-A9BE-C184889D7C77}"
EndProject
Project("{9A19103F-16F7-4668-BE54-9A1E7A4F7556}") = "SGL.LancamentoVendas.Infrastructure", "src\LancamentoVendas\Infrastructure\SGL.LancamentoVendas.Infrastructure\SGL.LancamentoVendas.Infrastructure.csproj", "{405AE946-0626-4678-A000-BE0FAA88D242}"
EndProject
Project("{2150E333-8FDC-42A3-9474-1A3956D46DE8}") = "9-Componentes", "9-Componentes", "{B744159C-ACCF-4487-9B9B-4FB48ED97987}"
EndProject
Project("{9A19103F-16F7-4668-BE54-9A1E7A4F7556}") = "SGL.Util", "src\Componentes\SGL.Util\SGL.Util.csproj", "{1F1F0829-57A7-484C-8503-21D61A0F2E25}"
EndProject
Project("{9A19103F-16F7-4668-BE54-9A1E7A4F7556}") = "SGL.MessageQueue", "src\Componentes\SGL.MessageQueue\SGL.MessageQueue.csproj", "{8ECD0A22-7085-4ED4-8D15-C90A66B5127D}"
EndProject
Project("{9A19103F-16F7-4668-BE54-9A1E7A4F7556}") = "SGL.Resource", "src\Componentes\SGL.Resource\SGL.Resource.csproj", "{9C35EC6E-D058-4E6C-BF5E-B93F9EB48BC3}"
EndProject
Project("{2150E333-8FDC-42A3-9474-1A3956D46DE8}") = "0-Aplicacao Web", "0-Aplicacao Web", "{C87606D8-F309-433F-8EB6-91563453A86B}"
EndProject
Project("{9A19103F-16F7-4668-BE54-9A1E7A4F7556}") = "SGL.WebUI", "src\Web\SGL.WebUI\SGL.WebUI.csproj", "{54BD4FEE-F1DB-4A2B-865A-BD92FAFA7285}"
EndProject
Project("{9A19103F-16F7-4668-BE54-9A1E7A4F7556}") = "SGL.APIGateway", "src\Gateway\SGL.APIGateway\SGL.APIGateway.csproj", "{FE750EF5-7A4F-4314-9EB6-FC69BFAF14E9}"
EndProject
Project("{9A19103F-16F7-4668-BE54-9A1E7A4F7556}") = "SGL.Integrations", "src\Web\SGL.Integrations\SGL.Integrations.csproj", "{53A1F6B2-37EA-4459-A532-E1D5FD178CAC}"
EndProject
Project("{9A19103F-16F7-4668-BE54-9A1E7A4F7556}") = "SGL.IdentityServer", "src\IdentityServer\SGL.IdentityServer\SGL.IdentityServer.csproj", "{A73BB35A-F70A-4F33-89F9-FF7F9BC4D218}"
EndProject
Project("{2150E333-8FDC-42A3-9474-1A3956D46DE8}") = "Integracao", "Integracao", "{CA008DFF-2597-4351-B5D2-77496AE6E0F7}"
EndProject
Project("{2150E333-8FDC-42A3-9474-1A3956D46DE8}") = "Apresentation", "Apresentation", "{1E4E31A0-6537-48E0-B222-A7F498312D79}"
EndProject
Project("{2150E333-8FDC-42A3-9474-1A3956D46DE8}") = "Core", "Core", "{1A728254-8D9A-429A-8673-96E28CD46BA3}"
EndProject
Project("{2150E333-8FDC-42A3-9474-1A3956D46DE8}") = "Infrastructure", "Infrastructure", "{C07FCA27-2A5C-43DE-BED2-19BF498D86BD}"
EndProject
Project("{2150E333-8FDC-42A3-9474-1A3956D46DE8}") = "3-Cliente", "3-Cliente", "{13445A5A-F308-43A9-8687-6FA8D16B6BA9}"
EndProject
Project("{2150E333-8FDC-42A3-9474-1A3956D46DE8}") = "4-Fornecedor", "4-Fornecedor", "{AAE22BF0-F627-4937-AF2B-C05B52F270A9}"
EndProject
Project("{2150E333-8FDC-42A3-9474-1A3956D46DE8}") = "5-Produto", "5-Produto", "{BD43CF94-4FE9-4A3D-98A5-3599B2E963B2}"
EndProject
Project("{2150E333-8FDC-42A3-9474-1A3956D46DE8}") = "6-ContasPagar", "6-ContasPagar", "{5FFE3431-1114-410E-BB10-A03565DEB367}"
EndProject
Project("{2150E333-8FDC-42A3-9474-1A3956D46DE8}") = "7-ContasReceber", "7-ContasReceber", "{D64F5482-3FA4-4590-A8CF-D7CB8D6DED0B}"
EndProject
Project("{2150E333-8FDC-42A3-9474-1A3956D46DE8}") = "8-LancamentoVendas", "8-LancamentoVendas", "{30F469BF-6028-48A5-9027-0E1D61BA3C59}"
EndProject
Project("{2150E333-8FDC-42A3-9474-1A3956D46DE8}") = "3-Cliente", "3-Cliente", "{FB9DA8D2-91E4-45EE-B37C-CDF822D57820}"
EndProject
Project("{2150E333-8FDC-42A3-9474-1A3956D46DE8}") = "4-Fornecedor", "4-Fornecedor", "{3CA6E3A0-A74B-42B3-961C-101059677757}"
EndProject
Project("{2150E333-8FDC-42A3-9474-1A3956D46DE8}") = "8-LancamentoVendas", "8-LancamentoVendas", "{AD29251B-3C78-4ABB-9EC0-61BFA9F01328}"
EndProject
Project("{2150E333-8FDC-42A3-9474-1A3956D46DE8}") = "7-ContasReceber", "7-ContasReceber", "{F4621F6E-3879-4092-843D-C986F2E07263}"
EndProject
Project("{2150E333-8FDC-42A3-9474-1A3956D46DE8}") = "6-ContasPagar", "6-ContasPagar", "{F5B5F3B7-7A56-4990-BDBF-4491729786DF}"
EndProject
Project("{2150E333-8FDC-42A3-9474-1A3956D46DE8}") = "5-Produto", "5-Produto", "{7FADF1F9-8CF7-4790-B2ED-57EF044C21D1}"
EndProject
Project("{2150E333-8FDC-42A3-9474-1A3956D46DE8}") = "1-Autenticacao", "1-Autenticacao", "{846EEC60-D499-4189-B6CE-05D6E54AD844}"
EndProject
Global
	GlobalSection(SolutionConfigurationPlatforms) = preSolution
		Debug|Any CPU = Debug|Any CPU
		Release|Any CPU = Release|Any CPU
	EndGlobalSection
	GlobalSection(ProjectConfigurationPlatforms) = postSolution
		{65174DD6-BB3C-4DAD-9CC0-09A68F457904}.Debug|Any CPU.ActiveCfg = Debug|Any CPU
		{65174DD6-BB3C-4DAD-9CC0-09A68F457904}.Debug|Any CPU.Build.0 = Debug|Any CPU
		{65174DD6-BB3C-4DAD-9CC0-09A68F457904}.Release|Any CPU.ActiveCfg = Release|Any CPU
		{65174DD6-BB3C-4DAD-9CC0-09A68F457904}.Release|Any CPU.Build.0 = Release|Any CPU
		{4B452688-2F7D-4C75-8A90-686016960C34}.Debug|Any CPU.ActiveCfg = Debug|Any CPU
		{4B452688-2F7D-4C75-8A90-686016960C34}.Debug|Any CPU.Build.0 = Debug|Any CPU
		{4B452688-2F7D-4C75-8A90-686016960C34}.Release|Any CPU.ActiveCfg = Release|Any CPU
		{4B452688-2F7D-4C75-8A90-686016960C34}.Release|Any CPU.Build.0 = Release|Any CPU
		{3E0EB480-B3CC-4722-9E86-AB822B5153FF}.Debug|Any CPU.ActiveCfg = Debug|Any CPU
		{3E0EB480-B3CC-4722-9E86-AB822B5153FF}.Debug|Any CPU.Build.0 = Debug|Any CPU
		{3E0EB480-B3CC-4722-9E86-AB822B5153FF}.Release|Any CPU.ActiveCfg = Release|Any CPU
		{3E0EB480-B3CC-4722-9E86-AB822B5153FF}.Release|Any CPU.Build.0 = Release|Any CPU
		{CFB01DDA-29CE-4AA6-9421-5C14E81AA3B4}.Debug|Any CPU.ActiveCfg = Debug|Any CPU
		{CFB01DDA-29CE-4AA6-9421-5C14E81AA3B4}.Debug|Any CPU.Build.0 = Debug|Any CPU
		{CFB01DDA-29CE-4AA6-9421-5C14E81AA3B4}.Release|Any CPU.ActiveCfg = Release|Any CPU
		{CFB01DDA-29CE-4AA6-9421-5C14E81AA3B4}.Release|Any CPU.Build.0 = Release|Any CPU
		{3F7DD55B-5494-47B6-AC87-0CD0C32D6B80}.Debug|Any CPU.ActiveCfg = Debug|Any CPU
		{3F7DD55B-5494-47B6-AC87-0CD0C32D6B80}.Debug|Any CPU.Build.0 = Debug|Any CPU
		{3F7DD55B-5494-47B6-AC87-0CD0C32D6B80}.Release|Any CPU.ActiveCfg = Release|Any CPU
		{3F7DD55B-5494-47B6-AC87-0CD0C32D6B80}.Release|Any CPU.Build.0 = Release|Any CPU
		{72E36C1E-1F66-4518-A1AA-AFFEE73C61DD}.Debug|Any CPU.ActiveCfg = Debug|Any CPU
		{72E36C1E-1F66-4518-A1AA-AFFEE73C61DD}.Debug|Any CPU.Build.0 = Debug|Any CPU
		{72E36C1E-1F66-4518-A1AA-AFFEE73C61DD}.Release|Any CPU.ActiveCfg = Release|Any CPU
		{72E36C1E-1F66-4518-A1AA-AFFEE73C61DD}.Release|Any CPU.Build.0 = Release|Any CPU
		{D657CBD8-ABD5-4DEB-A824-AE683E3783BE}.Debug|Any CPU.ActiveCfg = Debug|Any CPU
		{D657CBD8-ABD5-4DEB-A824-AE683E3783BE}.Debug|Any CPU.Build.0 = Debug|Any CPU
		{D657CBD8-ABD5-4DEB-A824-AE683E3783BE}.Release|Any CPU.ActiveCfg = Release|Any CPU
		{D657CBD8-ABD5-4DEB-A824-AE683E3783BE}.Release|Any CPU.Build.0 = Release|Any CPU
		{D6653C90-3A32-40F2-B429-6C4AADC3848C}.Debug|Any CPU.ActiveCfg = Debug|Any CPU
		{D6653C90-3A32-40F2-B429-6C4AADC3848C}.Debug|Any CPU.Build.0 = Debug|Any CPU
		{D6653C90-3A32-40F2-B429-6C4AADC3848C}.Release|Any CPU.ActiveCfg = Release|Any CPU
		{D6653C90-3A32-40F2-B429-6C4AADC3848C}.Release|Any CPU.Build.0 = Release|Any CPU
		{91013BCE-FE80-4995-B703-F9CAE059D4A2}.Debug|Any CPU.ActiveCfg = Debug|Any CPU
		{91013BCE-FE80-4995-B703-F9CAE059D4A2}.Debug|Any CPU.Build.0 = Debug|Any CPU
		{91013BCE-FE80-4995-B703-F9CAE059D4A2}.Release|Any CPU.ActiveCfg = Release|Any CPU
		{91013BCE-FE80-4995-B703-F9CAE059D4A2}.Release|Any CPU.Build.0 = Release|Any CPU
		{9B77142C-4665-4A78-8669-9BAC3CF74DCD}.Debug|Any CPU.ActiveCfg = Debug|Any CPU
		{9B77142C-4665-4A78-8669-9BAC3CF74DCD}.Debug|Any CPU.Build.0 = Debug|Any CPU
		{9B77142C-4665-4A78-8669-9BAC3CF74DCD}.Release|Any CPU.ActiveCfg = Release|Any CPU
		{9B77142C-4665-4A78-8669-9BAC3CF74DCD}.Release|Any CPU.Build.0 = Release|Any CPU
		{A386F12B-57CC-44E3-9A7D-CFB91ADC98ED}.Debug|Any CPU.ActiveCfg = Debug|Any CPU
		{A386F12B-57CC-44E3-9A7D-CFB91ADC98ED}.Debug|Any CPU.Build.0 = Debug|Any CPU
		{A386F12B-57CC-44E3-9A7D-CFB91ADC98ED}.Release|Any CPU.ActiveCfg = Release|Any CPU
		{A386F12B-57CC-44E3-9A7D-CFB91ADC98ED}.Release|Any CPU.Build.0 = Release|Any CPU
		{B7A60B90-B018-42C7-BAA5-4B09229C2081}.Debug|Any CPU.ActiveCfg = Debug|Any CPU
		{B7A60B90-B018-42C7-BAA5-4B09229C2081}.Debug|Any CPU.Build.0 = Debug|Any CPU
		{B7A60B90-B018-42C7-BAA5-4B09229C2081}.Release|Any CPU.ActiveCfg = Release|Any CPU
		{B7A60B90-B018-42C7-BAA5-4B09229C2081}.Release|Any CPU.Build.0 = Release|Any CPU
		{498AB1C8-DC89-44CA-BABF-CCB1E4EC1761}.Debug|Any CPU.ActiveCfg = Debug|Any CPU
		{498AB1C8-DC89-44CA-BABF-CCB1E4EC1761}.Debug|Any CPU.Build.0 = Debug|Any CPU
		{498AB1C8-DC89-44CA-BABF-CCB1E4EC1761}.Release|Any CPU.ActiveCfg = Release|Any CPU
		{498AB1C8-DC89-44CA-BABF-CCB1E4EC1761}.Release|Any CPU.Build.0 = Release|Any CPU
		{D0923EB1-C321-4579-AE58-D639E74E72B3}.Debug|Any CPU.ActiveCfg = Debug|Any CPU
		{D0923EB1-C321-4579-AE58-D639E74E72B3}.Debug|Any CPU.Build.0 = Debug|Any CPU
		{D0923EB1-C321-4579-AE58-D639E74E72B3}.Release|Any CPU.ActiveCfg = Release|Any CPU
		{D0923EB1-C321-4579-AE58-D639E74E72B3}.Release|Any CPU.Build.0 = Release|Any CPU
		{58873EC0-A981-4E0B-8BC1-09DEAB51A322}.Debug|Any CPU.ActiveCfg = Debug|Any CPU
		{58873EC0-A981-4E0B-8BC1-09DEAB51A322}.Debug|Any CPU.Build.0 = Debug|Any CPU
		{58873EC0-A981-4E0B-8BC1-09DEAB51A322}.Release|Any CPU.ActiveCfg = Release|Any CPU
		{58873EC0-A981-4E0B-8BC1-09DEAB51A322}.Release|Any CPU.Build.0 = Release|Any CPU
		{C51755DE-1E74-48D6-A6BA-8E232927CBA4}.Debug|Any CPU.ActiveCfg = Debug|Any CPU
		{C51755DE-1E74-48D6-A6BA-8E232927CBA4}.Debug|Any CPU.Build.0 = Debug|Any CPU
		{C51755DE-1E74-48D6-A6BA-8E232927CBA4}.Release|Any CPU.ActiveCfg = Release|Any CPU
		{C51755DE-1E74-48D6-A6BA-8E232927CBA4}.Release|Any CPU.Build.0 = Release|Any CPU
		{B9F73870-A6B1-4757-93E8-EF8814D50CCD}.Debug|Any CPU.ActiveCfg = Debug|Any CPU
		{B9F73870-A6B1-4757-93E8-EF8814D50CCD}.Debug|Any CPU.Build.0 = Debug|Any CPU
		{B9F73870-A6B1-4757-93E8-EF8814D50CCD}.Release|Any CPU.ActiveCfg = Release|Any CPU
		{B9F73870-A6B1-4757-93E8-EF8814D50CCD}.Release|Any CPU.Build.0 = Release|Any CPU
		{CB898237-B6DE-447E-B4D2-5ADFF637A851}.Debug|Any CPU.ActiveCfg = Debug|Any CPU
		{CB898237-B6DE-447E-B4D2-5ADFF637A851}.Debug|Any CPU.Build.0 = Debug|Any CPU
		{CB898237-B6DE-447E-B4D2-5ADFF637A851}.Release|Any CPU.ActiveCfg = Release|Any CPU
		{CB898237-B6DE-447E-B4D2-5ADFF637A851}.Release|Any CPU.Build.0 = Release|Any CPU
		{CD9FAAC4-7C42-4504-BFAA-AF5D4CDCEB86}.Debug|Any CPU.ActiveCfg = Debug|Any CPU
		{CD9FAAC4-7C42-4504-BFAA-AF5D4CDCEB86}.Debug|Any CPU.Build.0 = Debug|Any CPU
		{CD9FAAC4-7C42-4504-BFAA-AF5D4CDCEB86}.Release|Any CPU.ActiveCfg = Release|Any CPU
		{CD9FAAC4-7C42-4504-BFAA-AF5D4CDCEB86}.Release|Any CPU.Build.0 = Release|Any CPU
		{570AD34E-0D94-4266-91E0-04E16D05DF0D}.Debug|Any CPU.ActiveCfg = Debug|Any CPU
		{570AD34E-0D94-4266-91E0-04E16D05DF0D}.Debug|Any CPU.Build.0 = Debug|Any CPU
		{570AD34E-0D94-4266-91E0-04E16D05DF0D}.Release|Any CPU.ActiveCfg = Release|Any CPU
		{570AD34E-0D94-4266-91E0-04E16D05DF0D}.Release|Any CPU.Build.0 = Release|Any CPU
		{89F8DAF8-1F58-49E5-98AF-CF57BDFFAC38}.Debug|Any CPU.ActiveCfg = Debug|Any CPU
		{89F8DAF8-1F58-49E5-98AF-CF57BDFFAC38}.Debug|Any CPU.Build.0 = Debug|Any CPU
		{89F8DAF8-1F58-49E5-98AF-CF57BDFFAC38}.Release|Any CPU.ActiveCfg = Release|Any CPU
		{89F8DAF8-1F58-49E5-98AF-CF57BDFFAC38}.Release|Any CPU.Build.0 = Release|Any CPU
		{CEC4393A-449E-4B73-B6EF-85FD69334000}.Debug|Any CPU.ActiveCfg = Debug|Any CPU
		{CEC4393A-449E-4B73-B6EF-85FD69334000}.Debug|Any CPU.Build.0 = Debug|Any CPU
		{CEC4393A-449E-4B73-B6EF-85FD69334000}.Release|Any CPU.ActiveCfg = Release|Any CPU
		{CEC4393A-449E-4B73-B6EF-85FD69334000}.Release|Any CPU.Build.0 = Release|Any CPU
		{7C4EAEAA-15ED-4CF7-A9BE-C184889D7C77}.Debug|Any CPU.ActiveCfg = Debug|Any CPU
		{7C4EAEAA-15ED-4CF7-A9BE-C184889D7C77}.Debug|Any CPU.Build.0 = Debug|Any CPU
		{7C4EAEAA-15ED-4CF7-A9BE-C184889D7C77}.Release|Any CPU.ActiveCfg = Release|Any CPU
		{7C4EAEAA-15ED-4CF7-A9BE-C184889D7C77}.Release|Any CPU.Build.0 = Release|Any CPU
		{405AE946-0626-4678-A000-BE0FAA88D242}.Debug|Any CPU.ActiveCfg = Debug|Any CPU
		{405AE946-0626-4678-A000-BE0FAA88D242}.Debug|Any CPU.Build.0 = Debug|Any CPU
		{405AE946-0626-4678-A000-BE0FAA88D242}.Release|Any CPU.ActiveCfg = Release|Any CPU
		{405AE946-0626-4678-A000-BE0FAA88D242}.Release|Any CPU.Build.0 = Release|Any CPU
		{1F1F0829-57A7-484C-8503-21D61A0F2E25}.Debug|Any CPU.ActiveCfg = Debug|Any CPU
		{1F1F0829-57A7-484C-8503-21D61A0F2E25}.Debug|Any CPU.Build.0 = Debug|Any CPU
		{1F1F0829-57A7-484C-8503-21D61A0F2E25}.Release|Any CPU.ActiveCfg = Release|Any CPU
		{1F1F0829-57A7-484C-8503-21D61A0F2E25}.Release|Any CPU.Build.0 = Release|Any CPU
		{8ECD0A22-7085-4ED4-8D15-C90A66B5127D}.Debug|Any CPU.ActiveCfg = Debug|Any CPU
		{8ECD0A22-7085-4ED4-8D15-C90A66B5127D}.Debug|Any CPU.Build.0 = Debug|Any CPU
		{8ECD0A22-7085-4ED4-8D15-C90A66B5127D}.Release|Any CPU.ActiveCfg = Release|Any CPU
		{8ECD0A22-7085-4ED4-8D15-C90A66B5127D}.Release|Any CPU.Build.0 = Release|Any CPU
		{9C35EC6E-D058-4E6C-BF5E-B93F9EB48BC3}.Debug|Any CPU.ActiveCfg = Debug|Any CPU
		{9C35EC6E-D058-4E6C-BF5E-B93F9EB48BC3}.Debug|Any CPU.Build.0 = Debug|Any CPU
		{9C35EC6E-D058-4E6C-BF5E-B93F9EB48BC3}.Release|Any CPU.ActiveCfg = Release|Any CPU
		{9C35EC6E-D058-4E6C-BF5E-B93F9EB48BC3}.Release|Any CPU.Build.0 = Release|Any CPU
		{54BD4FEE-F1DB-4A2B-865A-BD92FAFA7285}.Debug|Any CPU.ActiveCfg = Debug|Any CPU
		{54BD4FEE-F1DB-4A2B-865A-BD92FAFA7285}.Debug|Any CPU.Build.0 = Debug|Any CPU
		{54BD4FEE-F1DB-4A2B-865A-BD92FAFA7285}.Release|Any CPU.ActiveCfg = Release|Any CPU
		{54BD4FEE-F1DB-4A2B-865A-BD92FAFA7285}.Release|Any CPU.Build.0 = Release|Any CPU
		{FE750EF5-7A4F-4314-9EB6-FC69BFAF14E9}.Debug|Any CPU.ActiveCfg = Debug|Any CPU
		{FE750EF5-7A4F-4314-9EB6-FC69BFAF14E9}.Debug|Any CPU.Build.0 = Debug|Any CPU
		{FE750EF5-7A4F-4314-9EB6-FC69BFAF14E9}.Release|Any CPU.ActiveCfg = Release|Any CPU
		{FE750EF5-7A4F-4314-9EB6-FC69BFAF14E9}.Release|Any CPU.Build.0 = Release|Any CPU
		{53A1F6B2-37EA-4459-A532-E1D5FD178CAC}.Debug|Any CPU.ActiveCfg = Debug|Any CPU
		{53A1F6B2-37EA-4459-A532-E1D5FD178CAC}.Debug|Any CPU.Build.0 = Debug|Any CPU
		{53A1F6B2-37EA-4459-A532-E1D5FD178CAC}.Release|Any CPU.ActiveCfg = Release|Any CPU
		{53A1F6B2-37EA-4459-A532-E1D5FD178CAC}.Release|Any CPU.Build.0 = Release|Any CPU
		{A73BB35A-F70A-4F33-89F9-FF7F9BC4D218}.Debug|Any CPU.ActiveCfg = Debug|Any CPU
		{A73BB35A-F70A-4F33-89F9-FF7F9BC4D218}.Debug|Any CPU.Build.0 = Debug|Any CPU
		{A73BB35A-F70A-4F33-89F9-FF7F9BC4D218}.Release|Any CPU.ActiveCfg = Release|Any CPU
		{A73BB35A-F70A-4F33-89F9-FF7F9BC4D218}.Release|Any CPU.Build.0 = Release|Any CPU
	EndGlobalSection
	GlobalSection(SolutionProperties) = preSolution
		HideSolutionNode = FALSE
	EndGlobalSection
	GlobalSection(NestedProjects) = preSolution
		{0D230055-0DE1-4265-B997-FD3F5ECBDB80} = {1E4E31A0-6537-48E0-B222-A7F498312D79}
		{E70C78F6-0371-4EF8-8E12-CA72E0C50083} = {1A728254-8D9A-429A-8673-96E28CD46BA3}
		{8BBD64F6-4075-4558-A0DD-DA124924F939} = {1A728254-8D9A-429A-8673-96E28CD46BA3}
		{256C408E-EACD-4635-920B-24AF98A4A719} = {1A728254-8D9A-429A-8673-96E28CD46BA3}
		{A708113E-5731-4170-BF49-99FF3FF55D31} = {1A728254-8D9A-429A-8673-96E28CD46BA3}
		{021D8528-B3F5-41EB-8347-04263AAD9EB8} = {1A728254-8D9A-429A-8673-96E28CD46BA3}
		{968D15AC-3D6F-4389-9B8B-3445A39A83A3} = {1A728254-8D9A-429A-8673-96E28CD46BA3}
		{65174DD6-BB3C-4DAD-9CC0-09A68F457904} = {AAE22BF0-F627-4937-AF2B-C05B52F270A9}
		{4B452688-2F7D-4C75-8A90-686016960C34} = {8BBD64F6-4075-4558-A0DD-DA124924F939}
		{3E0EB480-B3CC-4722-9E86-AB822B5153FF} = {8BBD64F6-4075-4558-A0DD-DA124924F939}
		{CFB01DDA-29CE-4AA6-9421-5C14E81AA3B4} = {3CA6E3A0-A74B-42B3-961C-101059677757}
		{3F7DD55B-5494-47B6-AC87-0CD0C32D6B80} = {13445A5A-F308-43A9-8687-6FA8D16B6BA9}
		{72E36C1E-1F66-4518-A1AA-AFFEE73C61DD} = {E70C78F6-0371-4EF8-8E12-CA72E0C50083}
		{D657CBD8-ABD5-4DEB-A824-AE683E3783BE} = {E70C78F6-0371-4EF8-8E12-CA72E0C50083}
		{D6653C90-3A32-40F2-B429-6C4AADC3848C} = {FB9DA8D2-91E4-45EE-B37C-CDF822D57820}
		{91013BCE-FE80-4995-B703-F9CAE059D4A2} = {BD43CF94-4FE9-4A3D-98A5-3599B2E963B2}
		{9B77142C-4665-4A78-8669-9BAC3CF74DCD} = {256C408E-EACD-4635-920B-24AF98A4A719}
		{A386F12B-57CC-44E3-9A7D-CFB91ADC98ED} = {256C408E-EACD-4635-920B-24AF98A4A719}
		{B7A60B90-B018-42C7-BAA5-4B09229C2081} = {7FADF1F9-8CF7-4790-B2ED-57EF044C21D1}
		{498AB1C8-DC89-44CA-BABF-CCB1E4EC1761} = {5FFE3431-1114-410E-BB10-A03565DEB367}
		{D0923EB1-C321-4579-AE58-D639E74E72B3} = {A708113E-5731-4170-BF49-99FF3FF55D31}
		{58873EC0-A981-4E0B-8BC1-09DEAB51A322} = {A708113E-5731-4170-BF49-99FF3FF55D31}
		{C51755DE-1E74-48D6-A6BA-8E232927CBA4} = {F5B5F3B7-7A56-4990-BDBF-4491729786DF}
		{B9F73870-A6B1-4757-93E8-EF8814D50CCD} = {D64F5482-3FA4-4590-A8CF-D7CB8D6DED0B}
		{CB898237-B6DE-447E-B4D2-5ADFF637A851} = {021D8528-B3F5-41EB-8347-04263AAD9EB8}
		{CD9FAAC4-7C42-4504-BFAA-AF5D4CDCEB86} = {021D8528-B3F5-41EB-8347-04263AAD9EB8}
		{570AD34E-0D94-4266-91E0-04E16D05DF0D} = {F4621F6E-3879-4092-843D-C986F2E07263}
		{89F8DAF8-1F58-49E5-98AF-CF57BDFFAC38} = {30F469BF-6028-48A5-9027-0E1D61BA3C59}
		{CEC4393A-449E-4B73-B6EF-85FD69334000} = {968D15AC-3D6F-4389-9B8B-3445A39A83A3}
		{7C4EAEAA-15ED-4CF7-A9BE-C184889D7C77} = {968D15AC-3D6F-4389-9B8B-3445A39A83A3}
		{405AE946-0626-4678-A000-BE0FAA88D242} = {AD29251B-3C78-4ABB-9EC0-61BFA9F01328}
		{B744159C-ACCF-4487-9B9B-4FB48ED97987} = {1A728254-8D9A-429A-8673-96E28CD46BA3}
		{1F1F0829-57A7-484C-8503-21D61A0F2E25} = {B744159C-ACCF-4487-9B9B-4FB48ED97987}
		{8ECD0A22-7085-4ED4-8D15-C90A66B5127D} = {B744159C-ACCF-4487-9B9B-4FB48ED97987}
		{9C35EC6E-D058-4E6C-BF5E-B93F9EB48BC3} = {B744159C-ACCF-4487-9B9B-4FB48ED97987}
		{C87606D8-F309-433F-8EB6-91563453A86B} = {1E4E31A0-6537-48E0-B222-A7F498312D79}
		{54BD4FEE-F1DB-4A2B-865A-BD92FAFA7285} = {C87606D8-F309-433F-8EB6-91563453A86B}
		{FE750EF5-7A4F-4314-9EB6-FC69BFAF14E9} = {0D230055-0DE1-4265-B997-FD3F5ECBDB80}
		{53A1F6B2-37EA-4459-A532-E1D5FD178CAC} = {CA008DFF-2597-4351-B5D2-77496AE6E0F7}
		{A73BB35A-F70A-4F33-89F9-FF7F9BC4D218} = {846EEC60-D499-4189-B6CE-05D6E54AD844}
		{13445A5A-F308-43A9-8687-6FA8D16B6BA9} = {1E4E31A0-6537-48E0-B222-A7F498312D79}
		{AAE22BF0-F627-4937-AF2B-C05B52F270A9} = {1E4E31A0-6537-48E0-B222-A7F498312D79}
		{BD43CF94-4FE9-4A3D-98A5-3599B2E963B2} = {1E4E31A0-6537-48E0-B222-A7F498312D79}
		{5FFE3431-1114-410E-BB10-A03565DEB367} = {1E4E31A0-6537-48E0-B222-A7F498312D79}
		{D64F5482-3FA4-4590-A8CF-D7CB8D6DED0B} = {1E4E31A0-6537-48E0-B222-A7F498312D79}
		{30F469BF-6028-48A5-9027-0E1D61BA3C59} = {1E4E31A0-6537-48E0-B222-A7F498312D79}
		{FB9DA8D2-91E4-45EE-B37C-CDF822D57820} = {C07FCA27-2A5C-43DE-BED2-19BF498D86BD}
		{3CA6E3A0-A74B-42B3-961C-101059677757} = {C07FCA27-2A5C-43DE-BED2-19BF498D86BD}
		{AD29251B-3C78-4ABB-9EC0-61BFA9F01328} = {C07FCA27-2A5C-43DE-BED2-19BF498D86BD}
		{F4621F6E-3879-4092-843D-C986F2E07263} = {C07FCA27-2A5C-43DE-BED2-19BF498D86BD}
		{F5B5F3B7-7A56-4990-BDBF-4491729786DF} = {C07FCA27-2A5C-43DE-BED2-19BF498D86BD}
		{7FADF1F9-8CF7-4790-B2ED-57EF044C21D1} = {C07FCA27-2A5C-43DE-BED2-19BF498D86BD}
		{846EEC60-D499-4189-B6CE-05D6E54AD844} = {1E4E31A0-6537-48E0-B222-A7F498312D79}
	EndGlobalSection
	GlobalSection(ExtensibilityGlobals) = postSolution
		SolutionGuid = {568B50AD-0A52-48C3-A809-9B48720B21AF}
	EndGlobalSection
EndGlobal
